
Microsoft Visual Studio Solution File, Format Version 12.00
# Visual Studio Version 17
VisualStudioVersion = 17.0.32112.339
MinimumVisualStudioVersion = 10.0.40219.1
Project("{9A19103F-16F7-4668-BE54-9A1E7A4F7556}") = "Business.Entities", "..\..\..\..\..\net\Business.Entities\Business.Entities.csproj", "{51B16703-40A4-4E90-88B3-AE6DDE27519B}"
EndProject
Project("{9A19103F-16F7-4668-BE54-9A1E7A4F7556}") = "UI.Web", "..\..\..\..\..\net\UI.Web\UI.Web.csproj", "{4ADD9BDA-0733-4A53-AA4C-6414E9FE4EBE}"
EndProject
Project("{9A19103F-16F7-4668-BE54-9A1E7A4F7556}") = "Util", "..\..\..\..\..\net\Util\Util.csproj", "{0A749A8B-1A83-405D-8C90-5A690D824C39}"
EndProject
Project("{FAE04EC0-301F-11D3-BF4B-00C04F79EFBC}") = "UI.Desktop", "UI.Desktop\UI.Desktop.csproj", "{455F7209-8D4C-4181-BE7A-CF36E1CEAE6A}"
EndProject
Project("{FAE04EC0-301F-11D3-BF4B-00C04F79EFBC}") = "Business.Logic", "Business.Logic\Business.Logic.csproj", "{6A5BD573-DC5F-4D3F-9684-F4CF8AEC4AF7}"
EndProject
Global
	GlobalSection(SolutionConfigurationPlatforms) = preSolution
		Debug|Any CPU = Debug|Any CPU
		Release|Any CPU = Release|Any CPU
	EndGlobalSection
	GlobalSection(ProjectConfigurationPlatforms) = postSolution
		{51B16703-40A4-4E90-88B3-AE6DDE27519B}.Debug|Any CPU.ActiveCfg = Debug|Any CPU
		{51B16703-40A4-4E90-88B3-AE6DDE27519B}.Debug|Any CPU.Build.0 = Debug|Any CPU
		{51B16703-40A4-4E90-88B3-AE6DDE27519B}.Release|Any CPU.ActiveCfg = Release|Any CPU
		{51B16703-40A4-4E90-88B3-AE6DDE27519B}.Release|Any CPU.Build.0 = Release|Any CPU
		{4ADD9BDA-0733-4A53-AA4C-6414E9FE4EBE}.Debug|Any CPU.ActiveCfg = Debug|Any CPU
		{4ADD9BDA-0733-4A53-AA4C-6414E9FE4EBE}.Debug|Any CPU.Build.0 = Debug|Any CPU
		{4ADD9BDA-0733-4A53-AA4C-6414E9FE4EBE}.Release|Any CPU.ActiveCfg = Release|Any CPU
		{4ADD9BDA-0733-4A53-AA4C-6414E9FE4EBE}.Release|Any CPU.Build.0 = Release|Any CPU
		{0A749A8B-1A83-405D-8C90-5A690D824C39}.Debug|Any CPU.ActiveCfg = Debug|Any CPU
		{0A749A8B-1A83-405D-8C90-5A690D824C39}.Debug|Any CPU.Build.0 = Debug|Any CPU
		{0A749A8B-1A83-405D-8C90-5A690D824C39}.Release|Any CPU.ActiveCfg = Release|Any CPU
		{0A749A8B-1A83-405D-8C90-5A690D824C39}.Release|Any CPU.Build.0 = Release|Any CPU
		{455F7209-8D4C-4181-BE7A-CF36E1CEAE6A}.Debug|Any CPU.ActiveCfg = Debug|Any CPU
		{455F7209-8D4C-4181-BE7A-CF36E1CEAE6A}.Debug|Any CPU.Build.0 = Debug|Any CPU
		{455F7209-8D4C-4181-BE7A-CF36E1CEAE6A}.Release|Any CPU.ActiveCfg = Release|Any CPU
		{455F7209-8D4C-4181-BE7A-CF36E1CEAE6A}.Release|Any CPU.Build.0 = Release|Any CPU
		{6A5BD573-DC5F-4D3F-9684-F4CF8AEC4AF7}.Debug|Any CPU.ActiveCfg = Debug|Any CPU
		{6A5BD573-DC5F-4D3F-9684-F4CF8AEC4AF7}.Debug|Any CPU.Build.0 = Debug|Any CPU
		{6A5BD573-DC5F-4D3F-9684-F4CF8AEC4AF7}.Release|Any CPU.ActiveCfg = Release|Any CPU
		{6A5BD573-DC5F-4D3F-9684-F4CF8AEC4AF7}.Release|Any CPU.Build.0 = Release|Any CPU
	EndGlobalSection
	GlobalSection(SolutionProperties) = preSolution
		HideSolutionNode = FALSE
	EndGlobalSection
	GlobalSection(ExtensibilityGlobals) = postSolution
		SolutionGuid = {1A694AD2-F3FA-4EA6-A806-F5F356943B14}
	EndGlobalSection
EndGlobal
